
Microsoft Visual Studio Solution File, Format Version 12.00
# Visual Studio Version 16
VisualStudioVersion = 16.0.30611.23
MinimumVisualStudioVersion = 10.0.40219.1
Project("{9A19103F-16F7-4668-BE54-9A1E7A4F7556}") = "VISearch", "src\VISearch\VISearch.csproj", "{00BB46A7-3398-411A-816C-BBEAB70C3FCB}"
EndProject
Project("{FAE04EC0-301F-11D3-BF4B-00C04F79EFBC}") = "VISearch.Console.Testing", "src\VISearch.Console.Testing\VISearch.Console.Testing.csproj", "{ECBED11C-DA60-468B-B6A0-EF02282914CC}"
EndProject
Global
	GlobalSection(SolutionConfigurationPlatforms) = preSolution
		Debug|Any CPU = Debug|Any CPU
		Release|Any CPU = Release|Any CPU
	EndGlobalSection
	GlobalSection(ProjectConfigurationPlatforms) = postSolution
		{00BB46A7-3398-411A-816C-BBEAB70C3FCB}.Debug|Any CPU.ActiveCfg = Debug|Any CPU
		{00BB46A7-3398-411A-816C-BBEAB70C3FCB}.Debug|Any CPU.Build.0 = Debug|Any CPU
		{00BB46A7-3398-411A-816C-BBEAB70C3FCB}.Release|Any CPU.ActiveCfg = Release|Any CPU
		{00BB46A7-3398-411A-816C-BBEAB70C3FCB}.Release|Any CPU.Build.0 = Release|Any CPU
		{ECBED11C-DA60-468B-B6A0-EF02282914CC}.Debug|Any CPU.ActiveCfg = Debug|Any CPU
		{ECBED11C-DA60-468B-B6A0-EF02282914CC}.Debug|Any CPU.Build.0 = Debug|Any CPU
		{ECBED11C-DA60-468B-B6A0-EF02282914CC}.Release|Any CPU.ActiveCfg = Release|Any CPU
		{ECBED11C-DA60-468B-B6A0-EF02282914CC}.Release|Any CPU.Build.0 = Release|Any CPU
	EndGlobalSection
	GlobalSection(SolutionProperties) = preSolution
		HideSolutionNode = FALSE
	EndGlobalSection
	GlobalSection(ExtensibilityGlobals) = postSolution
		SolutionGuid = {C408FCB1-73A6-4C73-ACE5-17035797A7E8}
	EndGlobalSection
EndGlobal
